
Microsoft Visual Studio Solution File, Format Version 12.00
# Visual Studio Version 16
VisualStudioVersion = 16.0.30011.22
MinimumVisualStudioVersion = 10.0.40219.1
Project("{FAE04EC0-301F-11D3-BF4B-00C04F79EFBC}") = "GymBooking", "GymBooking\GymBooking.csproj", "{2A4227AE-7FFB-4971-A6BA-BAE81A8130BB}"
EndProject
Project("{FAE04EC0-301F-11D3-BF4B-00C04F79EFBC}") = "Core", "Core\Core.csproj", "{BBD195FC-33F2-4E1E-A050-91E412E35582}"
EndProject
Project("{FAE04EC0-301F-11D3-BF4B-00C04F79EFBC}") = "Presistence", "Presistence\Presistence.csproj", "{37E35A5F-480F-4B99-9023-7E8B2F2492F0}"
EndProject
Global
	GlobalSection(SolutionConfigurationPlatforms) = preSolution
		Debug|Any CPU = Debug|Any CPU
		Release|Any CPU = Release|Any CPU
	EndGlobalSection
	GlobalSection(ProjectConfigurationPlatforms) = postSolution
		{2A4227AE-7FFB-4971-A6BA-BAE81A8130BB}.Debug|Any CPU.ActiveCfg = Debug|Any CPU
		{2A4227AE-7FFB-4971-A6BA-BAE81A8130BB}.Debug|Any CPU.Build.0 = Debug|Any CPU
		{2A4227AE-7FFB-4971-A6BA-BAE81A8130BB}.Release|Any CPU.ActiveCfg = Release|Any CPU
		{2A4227AE-7FFB-4971-A6BA-BAE81A8130BB}.Release|Any CPU.Build.0 = Release|Any CPU
		{BBD195FC-33F2-4E1E-A050-91E412E35582}.Debug|Any CPU.ActiveCfg = Debug|Any CPU
		{BBD195FC-33F2-4E1E-A050-91E412E35582}.Debug|Any CPU.Build.0 = Debug|Any CPU
		{BBD195FC-33F2-4E1E-A050-91E412E35582}.Release|Any CPU.ActiveCfg = Release|Any CPU
		{BBD195FC-33F2-4E1E-A050-91E412E35582}.Release|Any CPU.Build.0 = Release|Any CPU
		{37E35A5F-480F-4B99-9023-7E8B2F2492F0}.Debug|Any CPU.ActiveCfg = Debug|Any CPU
		{37E35A5F-480F-4B99-9023-7E8B2F2492F0}.Debug|Any CPU.Build.0 = Debug|Any CPU
		{37E35A5F-480F-4B99-9023-7E8B2F2492F0}.Release|Any CPU.ActiveCfg = Release|Any CPU
		{37E35A5F-480F-4B99-9023-7E8B2F2492F0}.Release|Any CPU.Build.0 = Release|Any CPU
	EndGlobalSection
	GlobalSection(SolutionProperties) = preSolution
		HideSolutionNode = FALSE
	EndGlobalSection
	GlobalSection(ExtensibilityGlobals) = postSolution
		SolutionGuid = {1E9B1C48-D4B5-4A96-8055-BFD0284CB421}
	EndGlobalSection
EndGlobal
